
Microsoft Visual Studio Solution File, Format Version 12.00
# Visual Studio 15
VisualStudioVersion = 15.0.28010.2036
MinimumVisualStudioVersion = 10.0.40219.1
Project("{FAE04EC0-301F-11D3-BF4B-00C04F79EFBC}") = "Election.Android", "Election\Election.Android\Election.Android.csproj", "{D69FCE78-0BAF-43D5-92C2-34748296A496}"
EndProject
Project("{FAE04EC0-301F-11D3-BF4B-00C04F79EFBC}") = "Election.iOS", "Election\Election.iOS\Election.iOS.csproj", "{13EFAEAC-4CD5-4B78-8C89-F4F1101A3CBF}"
EndProject
Project("{FAE04EC0-301F-11D3-BF4B-00C04F79EFBC}") = "Election.UWP", "Election\Election.UWP\Election.UWP.csproj", "{D2C7B4C7-774A-49AC-89B4-E4ED7CAF0DD0}"
EndProject
Project("{FAE04EC0-301F-11D3-BF4B-00C04F79EFBC}") = "Election", "Election\Election\Election.csproj", "{963828E2-B520-4B46-9BD4-E2F8C5DC610A}"
EndProject
Global
	GlobalSection(SolutionConfigurationPlatforms) = preSolution
		Ad-Hoc|Any CPU = Ad-Hoc|Any CPU
		Ad-Hoc|ARM = Ad-Hoc|ARM
		Ad-Hoc|iPhone = Ad-Hoc|iPhone
		Ad-Hoc|iPhoneSimulator = Ad-Hoc|iPhoneSimulator
		Ad-Hoc|x64 = Ad-Hoc|x64
		Ad-Hoc|x86 = Ad-Hoc|x86
		AppStore|Any CPU = AppStore|Any CPU
		AppStore|ARM = AppStore|ARM
		AppStore|iPhone = AppStore|iPhone
		AppStore|iPhoneSimulator = AppStore|iPhoneSimulator
		AppStore|x64 = AppStore|x64
		AppStore|x86 = AppStore|x86
		Debug|Any CPU = Debug|Any CPU
		Debug|ARM = Debug|ARM
		Debug|iPhone = Debug|iPhone
		Debug|iPhoneSimulator = Debug|iPhoneSimulator
		Debug|x64 = Debug|x64
		Debug|x86 = Debug|x86
		Release|Any CPU = Release|Any CPU
		Release|ARM = Release|ARM
		Release|iPhone = Release|iPhone
		Release|iPhoneSimulator = Release|iPhoneSimulator
		Release|x64 = Release|x64
		Release|x86 = Release|x86
	EndGlobalSection
	GlobalSection(ProjectConfigurationPlatforms) = postSolution
		{D69FCE78-0BAF-43D5-92C2-34748296A496}.Ad-Hoc|Any CPU.ActiveCfg = Release|Any CPU
		{D69FCE78-0BAF-43D5-92C2-34748296A496}.Ad-Hoc|Any CPU.Build.0 = Release|Any CPU
		{D69FCE78-0BAF-43D5-92C2-34748296A496}.Ad-Hoc|Any CPU.Deploy.0 = Release|Any CPU
		{D69FCE78-0BAF-43D5-92C2-34748296A496}.Ad-Hoc|ARM.ActiveCfg = Release|Any CPU
		{D69FCE78-0BAF-43D5-92C2-34748296A496}.Ad-Hoc|ARM.Build.0 = Release|Any CPU
		{D69FCE78-0BAF-43D5-92C2-34748296A496}.Ad-Hoc|ARM.Deploy.0 = Release|Any CPU
		{D69FCE78-0BAF-43D5-92C2-34748296A496}.Ad-Hoc|iPhone.ActiveCfg = Release|Any CPU
		{D69FCE78-0BAF-43D5-92C2-34748296A496}.Ad-Hoc|iPhone.Build.0 = Release|Any CPU
		{D69FCE78-0BAF-43D5-92C2-34748296A496}.Ad-Hoc|iPhone.Deploy.0 = Release|Any CPU
		{D69FCE78-0BAF-43D5-92C2-34748296A496}.Ad-Hoc|iPhoneSimulator.ActiveCfg = Release|Any CPU
		{D69FCE78-0BAF-43D5-92C2-34748296A496}.Ad-Hoc|iPhoneSimulator.Build.0 = Release|Any CPU
		{D69FCE78-0BAF-43D5-92C2-34748296A496}.Ad-Hoc|iPhoneSimulator.Deploy.0 = Release|Any CPU
		{D69FCE78-0BAF-43D5-92C2-34748296A496}.Ad-Hoc|x64.ActiveCfg = Release|Any CPU
		{D69FCE78-0BAF-43D5-92C2-34748296A496}.Ad-Hoc|x64.Build.0 = Release|Any CPU
		{D69FCE78-0BAF-43D5-92C2-34748296A496}.Ad-Hoc|x64.Deploy.0 = Release|Any CPU
		{D69FCE78-0BAF-43D5-92C2-34748296A496}.Ad-Hoc|x86.ActiveCfg = Release|Any CPU
		{D69FCE78-0BAF-43D5-92C2-34748296A496}.Ad-Hoc|x86.Build.0 = Release|Any CPU
		{D69FCE78-0BAF-43D5-92C2-34748296A496}.Ad-Hoc|x86.Deploy.0 = Release|Any CPU
		{D69FCE78-0BAF-43D5-92C2-34748296A496}.AppStore|Any CPU.ActiveCfg = Release|Any CPU
		{D69FCE78-0BAF-43D5-92C2-34748296A496}.AppStore|Any CPU.Build.0 = Release|Any CPU
		{D69FCE78-0BAF-43D5-92C2-34748296A496}.AppStore|Any CPU.Deploy.0 = Release|Any CPU
		{D69FCE78-0BAF-43D5-92C2-34748296A496}.AppStore|ARM.ActiveCfg = Release|Any CPU
		{D69FCE78-0BAF-43D5-92C2-34748296A496}.AppStore|ARM.Build.0 = Release|Any CPU
		{D69FCE78-0BAF-43D5-92C2-34748296A496}.AppStore|ARM.Deploy.0 = Release|Any CPU
		{D69FCE78-0BAF-43D5-92C2-34748296A496}.AppStore|iPhone.ActiveCfg = Release|Any CPU
		{D69FCE78-0BAF-43D5-92C2-34748296A496}.AppStore|iPhone.Build.0 = Release|Any CPU
		{D69FCE78-0BAF-43D5-92C2-34748296A496}.AppStore|iPhone.Deploy.0 = Release|Any CPU
		{D69FCE78-0BAF-43D5-92C2-34748296A496}.AppStore|iPhoneSimulator.ActiveCfg = Release|Any CPU
		{D69FCE78-0BAF-43D5-92C2-34748296A496}.AppStore|iPhoneSimulator.Build.0 = Release|Any CPU
		{D69FCE78-0BAF-43D5-92C2-34748296A496}.AppStore|iPhoneSimulator.Deploy.0 = Release|Any CPU
		{D69FCE78-0BAF-43D5-92C2-34748296A496}.AppStore|x64.ActiveCfg = Release|Any CPU
		{D69FCE78-0BAF-43D5-92C2-34748296A496}.AppStore|x64.Build.0 = Release|Any CPU
		{D69FCE78-0BAF-43D5-92C2-34748296A496}.AppStore|x64.Deploy.0 = Release|Any CPU
		{D69FCE78-0BAF-43D5-92C2-34748296A496}.AppStore|x86.ActiveCfg = Release|Any CPU
		{D69FCE78-0BAF-43D5-92C2-34748296A496}.AppStore|x86.Build.0 = Release|Any CPU
		{D69FCE78-0BAF-43D5-92C2-34748296A496}.AppStore|x86.Deploy.0 = Release|Any CPU
		{D69FCE78-0BAF-43D5-92C2-34748296A496}.Debug|Any CPU.ActiveCfg = Debug|Any CPU
		{D69FCE78-0BAF-43D5-92C2-34748296A496}.Debug|Any CPU.Build.0 = Debug|Any CPU
		{D69FCE78-0BAF-43D5-92C2-34748296A496}.Debug|Any CPU.Deploy.0 = Debug|Any CPU
		{D69FCE78-0BAF-43D5-92C2-34748296A496}.Debug|ARM.ActiveCfg = Debug|Any CPU
		{D69FCE78-0BAF-43D5-92C2-34748296A496}.Debug|ARM.Build.0 = Debug|Any CPU
		{D69FCE78-0BAF-43D5-92C2-34748296A496}.Debug|ARM.Deploy.0 = Debug|Any CPU
		{D69FCE78-0BAF-43D5-92C2-34748296A496}.Debug|iPhone.ActiveCfg = Debug|Any CPU
		{D69FCE78-0BAF-43D5-92C2-34748296A496}.Debug|iPhone.Build.0 = Debug|Any CPU
		{D69FCE78-0BAF-43D5-92C2-34748296A496}.Debug|iPhone.Deploy.0 = Debug|Any CPU
		{D69FCE78-0BAF-43D5-92C2-34748296A496}.Debug|iPhoneSimulator.ActiveCfg = Debug|Any CPU
		{D69FCE78-0BAF-43D5-92C2-34748296A496}.Debug|iPhoneSimulator.Build.0 = Debug|Any CPU
		{D69FCE78-0BAF-43D5-92C2-34748296A496}.Debug|iPhoneSimulator.Deploy.0 = Debug|Any CPU
		{D69FCE78-0BAF-43D5-92C2-34748296A496}.Debug|x64.ActiveCfg = Debug|Any CPU
		{D69FCE78-0BAF-43D5-92C2-34748296A496}.Debug|x64.Build.0 = Debug|Any CPU
		{D69FCE78-0BAF-43D5-92C2-34748296A496}.Debug|x64.Deploy.0 = Debug|Any CPU
		{D69FCE78-0BAF-43D5-92C2-34748296A496}.Debug|x86.ActiveCfg = Debug|Any CPU
		{D69FCE78-0BAF-43D5-92C2-34748296A496}.Debug|x86.Build.0 = Debug|Any CPU
		{D69FCE78-0BAF-43D5-92C2-34748296A496}.Debug|x86.Deploy.0 = Debug|Any CPU
		{D69FCE78-0BAF-43D5-92C2-34748296A496}.Release|Any CPU.ActiveCfg = Release|Any CPU
		{D69FCE78-0BAF-43D5-92C2-34748296A496}.Release|Any CPU.Build.0 = Release|Any CPU
		{D69FCE78-0BAF-43D5-92C2-34748296A496}.Release|Any CPU.Deploy.0 = Release|Any CPU
		{D69FCE78-0BAF-43D5-92C2-34748296A496}.Release|ARM.ActiveCfg = Release|Any CPU
		{D69FCE78-0BAF-43D5-92C2-34748296A496}.Release|ARM.Build.0 = Release|Any CPU
		{D69FCE78-0BAF-43D5-92C2-34748296A496}.Release|ARM.Deploy.0 = Release|Any CPU
		{D69FCE78-0BAF-43D5-92C2-34748296A496}.Release|iPhone.ActiveCfg = Release|Any CPU
		{D69FCE78-0BAF-43D5-92C2-34748296A496}.Release|iPhone.Build.0 = Release|Any CPU
		{D69FCE78-0BAF-43D5-92C2-34748296A496}.Release|iPhone.Deploy.0 = Release|Any CPU
		{D69FCE78-0BAF-43D5-92C2-34748296A496}.Release|iPhoneSimulator.ActiveCfg = Release|Any CPU
		{D69FCE78-0BAF-43D5-92C2-34748296A496}.Release|iPhoneSimulator.Build.0 = Release|Any CPU
		{D69FCE78-0BAF-43D5-92C2-34748296A496}.Release|iPhoneSimulator.Deploy.0 = Release|Any CPU
		{D69FCE78-0BAF-43D5-92C2-34748296A496}.Release|x64.ActiveCfg = Release|Any CPU
		{D69FCE78-0BAF-43D5-92C2-34748296A496}.Release|x64.Build.0 = Release|Any CPU
		{D69FCE78-0BAF-43D5-92C2-34748296A496}.Release|x64.Deploy.0 = Release|Any CPU
		{D69FCE78-0BAF-43D5-92C2-34748296A496}.Release|x86.ActiveCfg = Release|Any CPU
		{D69FCE78-0BAF-43D5-92C2-34748296A496}.Release|x86.Build.0 = Release|Any CPU
		{D69FCE78-0BAF-43D5-92C2-34748296A496}.Release|x86.Deploy.0 = Release|Any CPU
		{13EFAEAC-4CD5-4B78-8C89-F4F1101A3CBF}.Ad-Hoc|Any CPU.ActiveCfg = Ad-Hoc|iPhone
		{13EFAEAC-4CD5-4B78-8C89-F4F1101A3CBF}.Ad-Hoc|Any CPU.Build.0 = Ad-Hoc|iPhone
		{13EFAEAC-4CD5-4B78-8C89-F4F1101A3CBF}.Ad-Hoc|Any CPU.Deploy.0 = Ad-Hoc|iPhone
		{13EFAEAC-4CD5-4B78-8C89-F4F1101A3CBF}.Ad-Hoc|ARM.ActiveCfg = Ad-Hoc|iPhone
		{13EFAEAC-4CD5-4B78-8C89-F4F1101A3CBF}.Ad-Hoc|ARM.Build.0 = Ad-Hoc|iPhone
		{13EFAEAC-4CD5-4B78-8C89-F4F1101A3CBF}.Ad-Hoc|ARM.Deploy.0 = Ad-Hoc|iPhone
		{13EFAEAC-4CD5-4B78-8C89-F4F1101A3CBF}.Ad-Hoc|iPhone.ActiveCfg = Ad-Hoc|iPhone
		{13EFAEAC-4CD5-4B78-8C89-F4F1101A3CBF}.Ad-Hoc|iPhone.Build.0 = Ad-Hoc|iPhone
		{13EFAEAC-4CD5-4B78-8C89-F4F1101A3CBF}.Ad-Hoc|iPhone.Deploy.0 = Ad-Hoc|iPhone
		{13EFAEAC-4CD5-4B78-8C89-F4F1101A3CBF}.Ad-Hoc|iPhoneSimulator.ActiveCfg = Ad-Hoc|iPhoneSimulator
		{13EFAEAC-4CD5-4B78-8C89-F4F1101A3CBF}.Ad-Hoc|iPhoneSimulator.Build.0 = Ad-Hoc|iPhoneSimulator
		{13EFAEAC-4CD5-4B78-8C89-F4F1101A3CBF}.Ad-Hoc|iPhoneSimulator.Deploy.0 = Ad-Hoc|iPhoneSimulator
		{13EFAEAC-4CD5-4B78-8C89-F4F1101A3CBF}.Ad-Hoc|x64.ActiveCfg = Ad-Hoc|iPhone
		{13EFAEAC-4CD5-4B78-8C89-F4F1101A3CBF}.Ad-Hoc|x64.Build.0 = Ad-Hoc|iPhone
		{13EFAEAC-4CD5-4B78-8C89-F4F1101A3CBF}.Ad-Hoc|x64.Deploy.0 = Ad-Hoc|iPhone
		{13EFAEAC-4CD5-4B78-8C89-F4F1101A3CBF}.Ad-Hoc|x86.ActiveCfg = Ad-Hoc|iPhone
		{13EFAEAC-4CD5-4B78-8C89-F4F1101A3CBF}.Ad-Hoc|x86.Build.0 = Ad-Hoc|iPhone
		{13EFAEAC-4CD5-4B78-8C89-F4F1101A3CBF}.Ad-Hoc|x86.Deploy.0 = Ad-Hoc|iPhone
		{13EFAEAC-4CD5-4B78-8C89-F4F1101A3CBF}.AppStore|Any CPU.ActiveCfg = AppStore|iPhone
		{13EFAEAC-4CD5-4B78-8C89-F4F1101A3CBF}.AppStore|Any CPU.Build.0 = AppStore|iPhone
		{13EFAEAC-4CD5-4B78-8C89-F4F1101A3CBF}.AppStore|Any CPU.Deploy.0 = AppStore|iPhone
		{13EFAEAC-4CD5-4B78-8C89-F4F1101A3CBF}.AppStore|ARM.ActiveCfg = AppStore|iPhone
		{13EFAEAC-4CD5-4B78-8C89-F4F1101A3CBF}.AppStore|ARM.Build.0 = AppStore|iPhone
		{13EFAEAC-4CD5-4B78-8C89-F4F1101A3CBF}.AppStore|ARM.Deploy.0 = AppStore|iPhone
		{13EFAEAC-4CD5-4B78-8C89-F4F1101A3CBF}.AppStore|iPhone.ActiveCfg = AppStore|iPhone
		{13EFAEAC-4CD5-4B78-8C89-F4F1101A3CBF}.AppStore|iPhone.Build.0 = AppStore|iPhone
		{13EFAEAC-4CD5-4B78-8C89-F4F1101A3CBF}.AppStore|iPhone.Deploy.0 = AppStore|iPhone
		{13EFAEAC-4CD5-4B78-8C89-F4F1101A3CBF}.AppStore|iPhoneSimulator.ActiveCfg = AppStore|iPhoneSimulator
		{13EFAEAC-4CD5-4B78-8C89-F4F1101A3CBF}.AppStore|iPhoneSimulator.Build.0 = AppStore|iPhoneSimulator
		{13EFAEAC-4CD5-4B78-8C89-F4F1101A3CBF}.AppStore|iPhoneSimulator.Deploy.0 = AppStore|iPhoneSimulator
		{13EFAEAC-4CD5-4B78-8C89-F4F1101A3CBF}.AppStore|x64.ActiveCfg = AppStore|iPhone
		{13EFAEAC-4CD5-4B78-8C89-F4F1101A3CBF}.AppStore|x64.Build.0 = AppStore|iPhone
		{13EFAEAC-4CD5-4B78-8C89-F4F1101A3CBF}.AppStore|x64.Deploy.0 = AppStore|iPhone
		{13EFAEAC-4CD5-4B78-8C89-F4F1101A3CBF}.AppStore|x86.ActiveCfg = AppStore|iPhone
		{13EFAEAC-4CD5-4B78-8C89-F4F1101A3CBF}.AppStore|x86.Build.0 = AppStore|iPhone
		{13EFAEAC-4CD5-4B78-8C89-F4F1101A3CBF}.AppStore|x86.Deploy.0 = AppStore|iPhone
		{13EFAEAC-4CD5-4B78-8C89-F4F1101A3CBF}.Debug|Any CPU.ActiveCfg = Debug|iPhoneSimulator
		{13EFAEAC-4CD5-4B78-8C89-F4F1101A3CBF}.Debug|Any CPU.Build.0 = Debug|iPhoneSimulator
		{13EFAEAC-4CD5-4B78-8C89-F4F1101A3CBF}.Debug|Any CPU.Deploy.0 = Debug|iPhoneSimulator
		{13EFAEAC-4CD5-4B78-8C89-F4F1101A3CBF}.Debug|ARM.ActiveCfg = Debug|iPhone
		{13EFAEAC-4CD5-4B78-8C89-F4F1101A3CBF}.Debug|ARM.Build.0 = Debug|iPhone
		{13EFAEAC-4CD5-4B78-8C89-F4F1101A3CBF}.Debug|ARM.Deploy.0 = Debug|iPhone
		{13EFAEAC-4CD5-4B78-8C89-F4F1101A3CBF}.Debug|iPhone.ActiveCfg = Debug|iPhone
		{13EFAEAC-4CD5-4B78-8C89-F4F1101A3CBF}.Debug|iPhone.Build.0 = Debug|iPhone
		{13EFAEAC-4CD5-4B78-8C89-F4F1101A3CBF}.Debug|iPhone.Deploy.0 = Debug|iPhone
		{13EFAEAC-4CD5-4B78-8C89-F4F1101A3CBF}.Debug|iPhoneSimulator.ActiveCfg = Debug|iPhoneSimulator
		{13EFAEAC-4CD5-4B78-8C89-F4F1101A3CBF}.Debug|iPhoneSimulator.Build.0 = Debug|iPhoneSimulator
		{13EFAEAC-4CD5-4B78-8C89-F4F1101A3CBF}.Debug|iPhoneSimulator.Deploy.0 = Debug|iPhoneSimulator
		{13EFAEAC-4CD5-4B78-8C89-F4F1101A3CBF}.Debug|x64.ActiveCfg = Debug|iPhone
		{13EFAEAC-4CD5-4B78-8C89-F4F1101A3CBF}.Debug|x64.Build.0 = Debug|iPhone
		{13EFAEAC-4CD5-4B78-8C89-F4F1101A3CBF}.Debug|x64.Deploy.0 = Debug|iPhone
		{13EFAEAC-4CD5-4B78-8C89-F4F1101A3CBF}.Debug|x86.ActiveCfg = Debug|iPhone
		{13EFAEAC-4CD5-4B78-8C89-F4F1101A3CBF}.Debug|x86.Build.0 = Debug|iPhone
		{13EFAEAC-4CD5-4B78-8C89-F4F1101A3CBF}.Debug|x86.Deploy.0 = Debug|iPhone
		{13EFAEAC-4CD5-4B78-8C89-F4F1101A3CBF}.Release|Any CPU.ActiveCfg = Release|iPhone
		{13EFAEAC-4CD5-4B78-8C89-F4F1101A3CBF}.Release|Any CPU.Build.0 = Release|iPhone
		{13EFAEAC-4CD5-4B78-8C89-F4F1101A3CBF}.Release|Any CPU.Deploy.0 = Release|iPhone
		{13EFAEAC-4CD5-4B78-8C89-F4F1101A3CBF}.Release|ARM.ActiveCfg = Release|iPhone
		{13EFAEAC-4CD5-4B78-8C89-F4F1101A3CBF}.Release|ARM.Build.0 = Release|iPhone
		{13EFAEAC-4CD5-4B78-8C89-F4F1101A3CBF}.Release|ARM.Deploy.0 = Release|iPhone
		{13EFAEAC-4CD5-4B78-8C89-F4F1101A3CBF}.Release|iPhone.ActiveCfg = Release|iPhone
		{13EFAEAC-4CD5-4B78-8C89-F4F1101A3CBF}.Release|iPhone.Build.0 = Release|iPhone
		{13EFAEAC-4CD5-4B78-8C89-F4F1101A3CBF}.Release|iPhone.Deploy.0 = Release|iPhone
		{13EFAEAC-4CD5-4B78-8C89-F4F1101A3CBF}.Release|iPhoneSimulator.ActiveCfg = Release|iPhoneSimulator
		{13EFAEAC-4CD5-4B78-8C89-F4F1101A3CBF}.Release|iPhoneSimulator.Build.0 = Release|iPhoneSimulator
		{13EFAEAC-4CD5-4B78-8C89-F4F1101A3CBF}.Release|iPhoneSimulator.Deploy.0 = Release|iPhoneSimulator
		{13EFAEAC-4CD5-4B78-8C89-F4F1101A3CBF}.Release|x64.ActiveCfg = Release|iPhone
		{13EFAEAC-4CD5-4B78-8C89-F4F1101A3CBF}.Release|x64.Build.0 = Release|iPhone
		{13EFAEAC-4CD5-4B78-8C89-F4F1101A3CBF}.Release|x64.Deploy.0 = Release|iPhone
		{13EFAEAC-4CD5-4B78-8C89-F4F1101A3CBF}.Release|x86.ActiveCfg = Release|iPhone
		{13EFAEAC-4CD5-4B78-8C89-F4F1101A3CBF}.Release|x86.Build.0 = Release|iPhone
		{13EFAEAC-4CD5-4B78-8C89-F4F1101A3CBF}.Release|x86.Deploy.0 = Release|iPhone
		{D2C7B4C7-774A-49AC-89B4-E4ED7CAF0DD0}.Ad-Hoc|Any CPU.ActiveCfg = Release|x86
		{D2C7B4C7-774A-49AC-89B4-E4ED7CAF0DD0}.Ad-Hoc|Any CPU.Build.0 = Release|x86
		{D2C7B4C7-774A-49AC-89B4-E4ED7CAF0DD0}.Ad-Hoc|Any CPU.Deploy.0 = Release|x86
		{D2C7B4C7-774A-49AC-89B4-E4ED7CAF0DD0}.Ad-Hoc|ARM.ActiveCfg = Release|ARM
		{D2C7B4C7-774A-49AC-89B4-E4ED7CAF0DD0}.Ad-Hoc|ARM.Build.0 = Release|ARM
		{D2C7B4C7-774A-49AC-89B4-E4ED7CAF0DD0}.Ad-Hoc|ARM.Deploy.0 = Release|ARM
		{D2C7B4C7-774A-49AC-89B4-E4ED7CAF0DD0}.Ad-Hoc|iPhone.ActiveCfg = Release|x86
		{D2C7B4C7-774A-49AC-89B4-E4ED7CAF0DD0}.Ad-Hoc|iPhone.Build.0 = Release|x86
		{D2C7B4C7-774A-49AC-89B4-E4ED7CAF0DD0}.Ad-Hoc|iPhone.Deploy.0 = Release|x86
		{D2C7B4C7-774A-49AC-89B4-E4ED7CAF0DD0}.Ad-Hoc|iPhoneSimulator.ActiveCfg = Release|x86
		{D2C7B4C7-774A-49AC-89B4-E4ED7CAF0DD0}.Ad-Hoc|iPhoneSimulator.Build.0 = Release|x86
		{D2C7B4C7-774A-49AC-89B4-E4ED7CAF0DD0}.Ad-Hoc|iPhoneSimulator.Deploy.0 = Release|x86
		{D2C7B4C7-774A-49AC-89B4-E4ED7CAF0DD0}.Ad-Hoc|x64.ActiveCfg = Release|x64
		{D2C7B4C7-774A-49AC-89B4-E4ED7CAF0DD0}.Ad-Hoc|x64.Build.0 = Release|x64
		{D2C7B4C7-774A-49AC-89B4-E4ED7CAF0DD0}.Ad-Hoc|x64.Deploy.0 = Release|x64
		{D2C7B4C7-774A-49AC-89B4-E4ED7CAF0DD0}.Ad-Hoc|x86.ActiveCfg = Release|x86
		{D2C7B4C7-774A-49AC-89B4-E4ED7CAF0DD0}.Ad-Hoc|x86.Build.0 = Release|x86
		{D2C7B4C7-774A-49AC-89B4-E4ED7CAF0DD0}.Ad-Hoc|x86.Deploy.0 = Release|x86
		{D2C7B4C7-774A-49AC-89B4-E4ED7CAF0DD0}.AppStore|Any CPU.ActiveCfg = Release|x86
		{D2C7B4C7-774A-49AC-89B4-E4ED7CAF0DD0}.AppStore|Any CPU.Build.0 = Release|x86
		{D2C7B4C7-774A-49AC-89B4-E4ED7CAF0DD0}.AppStore|Any CPU.Deploy.0 = Release|x86
		{D2C7B4C7-774A-49AC-89B4-E4ED7CAF0DD0}.AppStore|ARM.ActiveCfg = Release|ARM
		{D2C7B4C7-774A-49AC-89B4-E4ED7CAF0DD0}.AppStore|ARM.Build.0 = Release|ARM
		{D2C7B4C7-774A-49AC-89B4-E4ED7CAF0DD0}.AppStore|ARM.Deploy.0 = Release|ARM
		{D2C7B4C7-774A-49AC-89B4-E4ED7CAF0DD0}.AppStore|iPhone.ActiveCfg = Release|x86
		{D2C7B4C7-774A-49AC-89B4-E4ED7CAF0DD0}.AppStore|iPhone.Build.0 = Release|x86
		{D2C7B4C7-774A-49AC-89B4-E4ED7CAF0DD0}.AppStore|iPhone.Deploy.0 = Release|x86
		{D2C7B4C7-774A-49AC-89B4-E4ED7CAF0DD0}.AppStore|iPhoneSimulator.ActiveCfg = Release|x86
		{D2C7B4C7-774A-49AC-89B4-E4ED7CAF0DD0}.AppStore|iPhoneSimulator.Build.0 = Release|x86
		{D2C7B4C7-774A-49AC-89B4-E4ED7CAF0DD0}.AppStore|iPhoneSimulator.Deploy.0 = Release|x86
		{D2C7B4C7-774A-49AC-89B4-E4ED7CAF0DD0}.AppStore|x64.ActiveCfg = Release|x64
		{D2C7B4C7-774A-49AC-89B4-E4ED7CAF0DD0}.AppStore|x64.Build.0 = Release|x64
		{D2C7B4C7-774A-49AC-89B4-E4ED7CAF0DD0}.AppStore|x64.Deploy.0 = Release|x64
		{D2C7B4C7-774A-49AC-89B4-E4ED7CAF0DD0}.AppStore|x86.ActiveCfg = Release|x86
		{D2C7B4C7-774A-49AC-89B4-E4ED7CAF0DD0}.AppStore|x86.Build.0 = Release|x86
		{D2C7B4C7-774A-49AC-89B4-E4ED7CAF0DD0}.AppStore|x86.Deploy.0 = Release|x86
		{D2C7B4C7-774A-49AC-89B4-E4ED7CAF0DD0}.Debug|Any CPU.ActiveCfg = Debug|x86
		{D2C7B4C7-774A-49AC-89B4-E4ED7CAF0DD0}.Debug|Any CPU.Build.0 = Debug|x86
		{D2C7B4C7-774A-49AC-89B4-E4ED7CAF0DD0}.Debug|Any CPU.Deploy.0 = Debug|x86
		{D2C7B4C7-774A-49AC-89B4-E4ED7CAF0DD0}.Debug|ARM.ActiveCfg = Debug|ARM
		{D2C7B4C7-774A-49AC-89B4-E4ED7CAF0DD0}.Debug|ARM.Build.0 = Debug|ARM
		{D2C7B4C7-774A-49AC-89B4-E4ED7CAF0DD0}.Debug|ARM.Deploy.0 = Debug|ARM
		{D2C7B4C7-774A-49AC-89B4-E4ED7CAF0DD0}.Debug|iPhone.ActiveCfg = Debug|x86
		{D2C7B4C7-774A-49AC-89B4-E4ED7CAF0DD0}.Debug|iPhone.Build.0 = Debug|x86
		{D2C7B4C7-774A-49AC-89B4-E4ED7CAF0DD0}.Debug|iPhone.Deploy.0 = Debug|x86
		{D2C7B4C7-774A-49AC-89B4-E4ED7CAF0DD0}.Debug|iPhoneSimulator.ActiveCfg = Debug|x86
		{D2C7B4C7-774A-49AC-89B4-E4ED7CAF0DD0}.Debug|iPhoneSimulator.Build.0 = Debug|x86
		{D2C7B4C7-774A-49AC-89B4-E4ED7CAF0DD0}.Debug|iPhoneSimulator.Deploy.0 = Debug|x86
		{D2C7B4C7-774A-49AC-89B4-E4ED7CAF0DD0}.Debug|x64.ActiveCfg = Debug|x64
		{D2C7B4C7-774A-49AC-89B4-E4ED7CAF0DD0}.Debug|x64.Build.0 = Debug|x64
		{D2C7B4C7-774A-49AC-89B4-E4ED7CAF0DD0}.Debug|x64.Deploy.0 = Debug|x64
		{D2C7B4C7-774A-49AC-89B4-E4ED7CAF0DD0}.Debug|x86.ActiveCfg = Debug|x86
		{D2C7B4C7-774A-49AC-89B4-E4ED7CAF0DD0}.Debug|x86.Build.0 = Debug|x86
		{D2C7B4C7-774A-49AC-89B4-E4ED7CAF0DD0}.Debug|x86.Deploy.0 = Debug|x86
		{D2C7B4C7-774A-49AC-89B4-E4ED7CAF0DD0}.Release|Any CPU.ActiveCfg = Release|x86
		{D2C7B4C7-774A-49AC-89B4-E4ED7CAF0DD0}.Release|Any CPU.Build.0 = Release|x86
		{D2C7B4C7-774A-49AC-89B4-E4ED7CAF0DD0}.Release|Any CPU.Deploy.0 = Release|x86
		{D2C7B4C7-774A-49AC-89B4-E4ED7CAF0DD0}.Release|ARM.ActiveCfg = Release|ARM
		{D2C7B4C7-774A-49AC-89B4-E4ED7CAF0DD0}.Release|ARM.Build.0 = Release|ARM
		{D2C7B4C7-774A-49AC-89B4-E4ED7CAF0DD0}.Release|ARM.Deploy.0 = Release|ARM
		{D2C7B4C7-774A-49AC-89B4-E4ED7CAF0DD0}.Release|iPhone.ActiveCfg = Release|x86
		{D2C7B4C7-774A-49AC-89B4-E4ED7CAF0DD0}.Release|iPhone.Build.0 = Release|x86
		{D2C7B4C7-774A-49AC-89B4-E4ED7CAF0DD0}.Release|iPhone.Deploy.0 = Release|x86
		{D2C7B4C7-774A-49AC-89B4-E4ED7CAF0DD0}.Release|iPhoneSimulator.ActiveCfg = Release|x86
		{D2C7B4C7-774A-49AC-89B4-E4ED7CAF0DD0}.Release|iPhoneSimulator.Build.0 = Release|x86
		{D2C7B4C7-774A-49AC-89B4-E4ED7CAF0DD0}.Release|iPhoneSimulator.Deploy.0 = Release|x86
		{D2C7B4C7-774A-49AC-89B4-E4ED7CAF0DD0}.Release|x64.ActiveCfg = Release|x64
		{D2C7B4C7-774A-49AC-89B4-E4ED7CAF0DD0}.Release|x64.Build.0 = Release|x64
		{D2C7B4C7-774A-49AC-89B4-E4ED7CAF0DD0}.Release|x64.Deploy.0 = Release|x64
		{D2C7B4C7-774A-49AC-89B4-E4ED7CAF0DD0}.Release|x86.ActiveCfg = Release|x86
		{D2C7B4C7-774A-49AC-89B4-E4ED7CAF0DD0}.Release|x86.Build.0 = Release|x86
		{D2C7B4C7-774A-49AC-89B4-E4ED7CAF0DD0}.Release|x86.Deploy.0 = Release|x86
		{963828E2-B520-4B46-9BD4-E2F8C5DC610A}.Ad-Hoc|Any CPU.ActiveCfg = Debug|Any CPU
		{963828E2-B520-4B46-9BD4-E2F8C5DC610A}.Ad-Hoc|Any CPU.Build.0 = Debug|Any CPU
		{963828E2-B520-4B46-9BD4-E2F8C5DC610A}.Ad-Hoc|Any CPU.Deploy.0 = Debug|Any CPU
		{963828E2-B520-4B46-9BD4-E2F8C5DC610A}.Ad-Hoc|ARM.ActiveCfg = Debug|Any CPU
		{963828E2-B520-4B46-9BD4-E2F8C5DC610A}.Ad-Hoc|ARM.Build.0 = Debug|Any CPU
		{963828E2-B520-4B46-9BD4-E2F8C5DC610A}.Ad-Hoc|ARM.Deploy.0 = Debug|Any CPU
		{963828E2-B520-4B46-9BD4-E2F8C5DC610A}.Ad-Hoc|iPhone.ActiveCfg = Debug|Any CPU
		{963828E2-B520-4B46-9BD4-E2F8C5DC610A}.Ad-Hoc|iPhone.Build.0 = Debug|Any CPU
		{963828E2-B520-4B46-9BD4-E2F8C5DC610A}.Ad-Hoc|iPhone.Deploy.0 = Debug|Any CPU
		{963828E2-B520-4B46-9BD4-E2F8C5DC610A}.Ad-Hoc|iPhoneSimulator.ActiveCfg = Debug|Any CPU
		{963828E2-B520-4B46-9BD4-E2F8C5DC610A}.Ad-Hoc|iPhoneSimulator.Build.0 = Debug|Any CPU
		{963828E2-B520-4B46-9BD4-E2F8C5DC610A}.Ad-Hoc|iPhoneSimulator.Deploy.0 = Debug|Any CPU
		{963828E2-B520-4B46-9BD4-E2F8C5DC610A}.Ad-Hoc|x64.ActiveCfg = Debug|Any CPU
		{963828E2-B520-4B46-9BD4-E2F8C5DC610A}.Ad-Hoc|x64.Build.0 = Debug|Any CPU
		{963828E2-B520-4B46-9BD4-E2F8C5DC610A}.Ad-Hoc|x64.Deploy.0 = Debug|Any CPU
		{963828E2-B520-4B46-9BD4-E2F8C5DC610A}.Ad-Hoc|x86.ActiveCfg = Debug|Any CPU
		{963828E2-B520-4B46-9BD4-E2F8C5DC610A}.Ad-Hoc|x86.Build.0 = Debug|Any CPU
		{963828E2-B520-4B46-9BD4-E2F8C5DC610A}.Ad-Hoc|x86.Deploy.0 = Debug|Any CPU
		{963828E2-B520-4B46-9BD4-E2F8C5DC610A}.AppStore|Any CPU.ActiveCfg = Debug|Any CPU
		{963828E2-B520-4B46-9BD4-E2F8C5DC610A}.AppStore|Any CPU.Build.0 = Debug|Any CPU
		{963828E2-B520-4B46-9BD4-E2F8C5DC610A}.AppStore|Any CPU.Deploy.0 = Debug|Any CPU
		{963828E2-B520-4B46-9BD4-E2F8C5DC610A}.AppStore|ARM.ActiveCfg = Debug|Any CPU
		{963828E2-B520-4B46-9BD4-E2F8C5DC610A}.AppStore|ARM.Build.0 = Debug|Any CPU
		{963828E2-B520-4B46-9BD4-E2F8C5DC610A}.AppStore|ARM.Deploy.0 = Debug|Any CPU
		{963828E2-B520-4B46-9BD4-E2F8C5DC610A}.AppStore|iPhone.ActiveCfg = Debug|Any CPU
		{963828E2-B520-4B46-9BD4-E2F8C5DC610A}.AppStore|iPhone.Build.0 = Debug|Any CPU
		{963828E2-B520-4B46-9BD4-E2F8C5DC610A}.AppStore|iPhone.Deploy.0 = Debug|Any CPU
		{963828E2-B520-4B46-9BD4-E2F8C5DC610A}.AppStore|iPhoneSimulator.ActiveCfg = Debug|Any CPU
		{963828E2-B520-4B46-9BD4-E2F8C5DC610A}.AppStore|iPhoneSimulator.Build.0 = Debug|Any CPU
		{963828E2-B520-4B46-9BD4-E2F8C5DC610A}.AppStore|iPhoneSimulator.Deploy.0 = Debug|Any CPU
		{963828E2-B520-4B46-9BD4-E2F8C5DC610A}.AppStore|x64.ActiveCfg = Debug|Any CPU
		{963828E2-B520-4B46-9BD4-E2F8C5DC610A}.AppStore|x64.Build.0 = Debug|Any CPU
		{963828E2-B520-4B46-9BD4-E2F8C5DC610A}.AppStore|x64.Deploy.0 = Debug|Any CPU
		{963828E2-B520-4B46-9BD4-E2F8C5DC610A}.AppStore|x86.ActiveCfg = Debug|Any CPU
		{963828E2-B520-4B46-9BD4-E2F8C5DC610A}.AppStore|x86.Build.0 = Debug|Any CPU
		{963828E2-B520-4B46-9BD4-E2F8C5DC610A}.AppStore|x86.Deploy.0 = Debug|Any CPU
		{963828E2-B520-4B46-9BD4-E2F8C5DC610A}.Debug|Any CPU.ActiveCfg = Debug|Any CPU
		{963828E2-B520-4B46-9BD4-E2F8C5DC610A}.Debug|Any CPU.Build.0 = Debug|Any CPU
		{963828E2-B520-4B46-9BD4-E2F8C5DC610A}.Debug|Any CPU.Deploy.0 = Debug|Any CPU
		{963828E2-B520-4B46-9BD4-E2F8C5DC610A}.Debug|ARM.ActiveCfg = Debug|Any CPU
		{963828E2-B520-4B46-9BD4-E2F8C5DC610A}.Debug|ARM.Build.0 = Debug|Any CPU
		{963828E2-B520-4B46-9BD4-E2F8C5DC610A}.Debug|ARM.Deploy.0 = Debug|Any CPU
		{963828E2-B520-4B46-9BD4-E2F8C5DC610A}.Debug|iPhone.ActiveCfg = Debug|Any CPU
		{963828E2-B520-4B46-9BD4-E2F8C5DC610A}.Debug|iPhone.Build.0 = Debug|Any CPU
		{963828E2-B520-4B46-9BD4-E2F8C5DC610A}.Debug|iPhone.Deploy.0 = Debug|Any CPU
		{963828E2-B520-4B46-9BD4-E2F8C5DC610A}.Debug|iPhoneSimulator.ActiveCfg = Debug|Any CPU
		{963828E2-B520-4B46-9BD4-E2F8C5DC610A}.Debug|iPhoneSimulator.Build.0 = Debug|Any CPU
		{963828E2-B520-4B46-9BD4-E2F8C5DC610A}.Debug|iPhoneSimulator.Deploy.0 = Debug|Any CPU
		{963828E2-B520-4B46-9BD4-E2F8C5DC610A}.Debug|x64.ActiveCfg = Debug|Any CPU
		{963828E2-B520-4B46-9BD4-E2F8C5DC610A}.Debug|x64.Build.0 = Debug|Any CPU
		{963828E2-B520-4B46-9BD4-E2F8C5DC610A}.Debug|x64.Deploy.0 = Debug|Any CPU
		{963828E2-B520-4B46-9BD4-E2F8C5DC610A}.Debug|x86.ActiveCfg = Debug|Any CPU
		{963828E2-B520-4B46-9BD4-E2F8C5DC610A}.Debug|x86.Build.0 = Debug|Any CPU
		{963828E2-B520-4B46-9BD4-E2F8C5DC610A}.Debug|x86.Deploy.0 = Debug|Any CPU
		{963828E2-B520-4B46-9BD4-E2F8C5DC610A}.Release|Any CPU.ActiveCfg = Release|Any CPU
		{963828E2-B520-4B46-9BD4-E2F8C5DC610A}.Release|Any CPU.Build.0 = Release|Any CPU
		{963828E2-B520-4B46-9BD4-E2F8C5DC610A}.Release|Any CPU.Deploy.0 = Release|Any CPU
		{963828E2-B520-4B46-9BD4-E2F8C5DC610A}.Release|ARM.ActiveCfg = Release|Any CPU
		{963828E2-B520-4B46-9BD4-E2F8C5DC610A}.Release|ARM.Build.0 = Release|Any CPU
		{963828E2-B520-4B46-9BD4-E2F8C5DC610A}.Release|ARM.Deploy.0 = Release|Any CPU
		{963828E2-B520-4B46-9BD4-E2F8C5DC610A}.Release|iPhone.ActiveCfg = Release|Any CPU
		{963828E2-B520-4B46-9BD4-E2F8C5DC610A}.Release|iPhone.Build.0 = Release|Any CPU
		{963828E2-B520-4B46-9BD4-E2F8C5DC610A}.Release|iPhone.Deploy.0 = Release|Any CPU
		{963828E2-B520-4B46-9BD4-E2F8C5DC610A}.Release|iPhoneSimulator.ActiveCfg = Release|Any CPU
		{963828E2-B520-4B46-9BD4-E2F8C5DC610A}.Release|iPhoneSimulator.Build.0 = Release|Any CPU
		{963828E2-B520-4B46-9BD4-E2F8C5DC610A}.Release|iPhoneSimulator.Deploy.0 = Release|Any CPU
		{963828E2-B520-4B46-9BD4-E2F8C5DC610A}.Release|x64.ActiveCfg = Release|Any CPU
		{963828E2-B520-4B46-9BD4-E2F8C5DC610A}.Release|x64.Build.0 = Release|Any CPU
		{963828E2-B520-4B46-9BD4-E2F8C5DC610A}.Release|x64.Deploy.0 = Release|Any CPU
		{963828E2-B520-4B46-9BD4-E2F8C5DC610A}.Release|x86.ActiveCfg = Release|Any CPU
		{963828E2-B520-4B46-9BD4-E2F8C5DC610A}.Release|x86.Build.0 = Release|Any CPU
		{963828E2-B520-4B46-9BD4-E2F8C5DC610A}.Release|x86.Deploy.0 = Release|Any CPU
	EndGlobalSection
	GlobalSection(SolutionProperties) = preSolution
		HideSolutionNode = FALSE
	EndGlobalSection
	GlobalSection(ExtensibilityGlobals) = postSolution
		SolutionGuid = {C78D5206-6690-43AD-AC6C-DC1C4F58736F}
	EndGlobalSection
EndGlobal
